
Microsoft Visual Studio Solution File, Format Version 12.00
# Visual Studio Version 17
VisualStudioVersion = 17.8.34601.278
MinimumVisualStudioVersion = 10.0.40219.1
Project("{FAE04EC0-301F-11D3-BF4B-00C04F79EFBC}") = "Data Driven Tests", "Data Driven Tests.csproj", "{5035C0EF-01A6-4C44-9AE0-7BF183B7C3E8}"
EndProject
Global
	GlobalSection(SolutionConfigurationPlatforms) = preSolution
		Debug|Any CPU = Debug|Any CPU
		Release|Any CPU = Release|Any CPU
	EndGlobalSection
	GlobalSection(ProjectConfigurationPlatforms) = postSolution
		{5035C0EF-01A6-4C44-9AE0-7BF183B7C3E8}.Debug|Any CPU.ActiveCfg = Debug|Any CPU
		{5035C0EF-01A6-4C44-9AE0-7BF183B7C3E8}.Debug|Any CPU.Build.0 = Debug|Any CPU
		{5035C0EF-01A6-4C44-9AE0-7BF183B7C3E8}.Release|Any CPU.ActiveCfg = Release|Any CPU
		{5035C0EF-01A6-4C44-9AE0-7BF183B7C3E8}.Release|Any CPU.Build.0 = Release|Any CPU
	EndGlobalSection
	GlobalSection(SolutionProperties) = preSolution
		HideSolutionNode = FALSE
	EndGlobalSection
	GlobalSection(ExtensibilityGlobals) = postSolution
		SolutionGuid = {6A70613B-7537-48FD-B0F7-9ECD5C57F5E8}
	EndGlobalSection
EndGlobal
