
Microsoft Visual Studio Solution File, Format Version 12.00
# Visual Studio Version 17
VisualStudioVersion = 17.8.34601.278
MinimumVisualStudioVersion = 10.0.40219.1
Project("{FAE04EC0-301F-11D3-BF4B-00C04F79EFBC}") = "POMExercise", "POMExercise.csproj", "{DE9CD664-9E9B-4A79-A96D-A3745BE10443}"
EndProject
Global
	GlobalSection(SolutionConfigurationPlatforms) = preSolution
		Debug|Any CPU = Debug|Any CPU
		Release|Any CPU = Release|Any CPU
	EndGlobalSection
	GlobalSection(ProjectConfigurationPlatforms) = postSolution
		{DE9CD664-9E9B-4A79-A96D-A3745BE10443}.Debug|Any CPU.ActiveCfg = Debug|Any CPU
		{DE9CD664-9E9B-4A79-A96D-A3745BE10443}.Debug|Any CPU.Build.0 = Debug|Any CPU
		{DE9CD664-9E9B-4A79-A96D-A3745BE10443}.Release|Any CPU.ActiveCfg = Release|Any CPU
		{DE9CD664-9E9B-4A79-A96D-A3745BE10443}.Release|Any CPU.Build.0 = Release|Any CPU
	EndGlobalSection
	GlobalSection(SolutionProperties) = preSolution
		HideSolutionNode = FALSE
	EndGlobalSection
	GlobalSection(ExtensibilityGlobals) = postSolution
		SolutionGuid = {C46D0899-4910-4643-89C2-F241930029A1}
	EndGlobalSection
EndGlobal
